
Microsoft Visual Studio Solution File, Format Version 12.00
# Visual Studio Version 16
VisualStudioVersion = 16.0.29111.141
MinimumVisualStudioVersion = 10.0.40219.1
Project("{FAE04EC0-301F-11D3-BF4B-00C04F79EFBC}") = "Proxy", "Proxy\Proxy.csproj", "{C47A230E-DCE2-454C-924D-039485688C39}"
EndProject
Project("{FAE04EC0-301F-11D3-BF4B-00C04F79EFBC}") = "Proxy.Entity", "Proxy.Entity\Proxy.Entity.csproj", "{28FECF1D-41AF-4964-A156-0B13F641950C}"
EndProject
Project("{FAE04EC0-301F-11D3-BF4B-00C04F79EFBC}") = "Proxy.Business", "Proxy.Business\Proxy.Business.csproj", "{2D5E88D8-BADA-464C-9FE6-0359532E52A0}"
EndProject
Global
	GlobalSection(SolutionConfigurationPlatforms) = preSolution
		Debug|Any CPU = Debug|Any CPU
		Release|Any CPU = Release|Any CPU
	EndGlobalSection
	GlobalSection(ProjectConfigurationPlatforms) = postSolution
		{C47A230E-DCE2-454C-924D-039485688C39}.Debug|Any CPU.ActiveCfg = Debug|Any CPU
		{C47A230E-DCE2-454C-924D-039485688C39}.Debug|Any CPU.Build.0 = Debug|Any CPU
		{C47A230E-DCE2-454C-924D-039485688C39}.Release|Any CPU.ActiveCfg = Release|Any CPU
		{C47A230E-DCE2-454C-924D-039485688C39}.Release|Any CPU.Build.0 = Release|Any CPU
		{28FECF1D-41AF-4964-A156-0B13F641950C}.Debug|Any CPU.ActiveCfg = Debug|Any CPU
		{28FECF1D-41AF-4964-A156-0B13F641950C}.Debug|Any CPU.Build.0 = Debug|Any CPU
		{28FECF1D-41AF-4964-A156-0B13F641950C}.Release|Any CPU.ActiveCfg = Release|Any CPU
		{28FECF1D-41AF-4964-A156-0B13F641950C}.Release|Any CPU.Build.0 = Release|Any CPU
		{2D5E88D8-BADA-464C-9FE6-0359532E52A0}.Debug|Any CPU.ActiveCfg = Debug|Any CPU
		{2D5E88D8-BADA-464C-9FE6-0359532E52A0}.Debug|Any CPU.Build.0 = Debug|Any CPU
		{2D5E88D8-BADA-464C-9FE6-0359532E52A0}.Release|Any CPU.ActiveCfg = Release|Any CPU
		{2D5E88D8-BADA-464C-9FE6-0359532E52A0}.Release|Any CPU.Build.0 = Release|Any CPU
	EndGlobalSection
	GlobalSection(SolutionProperties) = preSolution
		HideSolutionNode = FALSE
	EndGlobalSection
	GlobalSection(ExtensibilityGlobals) = postSolution
		SolutionGuid = {48A155CA-F58D-46D1-87BC-E08356203277}
	EndGlobalSection
EndGlobal
